
Microsoft Visual Studio Solution File, Format Version 12.00
# Visual Studio Version 16
VisualStudioVersion = 16.0.28803.202
MinimumVisualStudioVersion = 10.0.40219.1
Project("{FAE04EC0-301F-11D3-BF4B-00C04F79EFBC}") = "Project1", "Project1\Project1.csproj", "{691C4982-3BBA-484F-8426-0A6C0D86034C}"
EndProject
Global
	GlobalSection(SolutionConfigurationPlatforms) = preSolution
		Debug|Any CPU = Debug|Any CPU
		Release|Any CPU = Release|Any CPU
	EndGlobalSection
	GlobalSection(ProjectConfigurationPlatforms) = postSolution
		{691C4982-3BBA-484F-8426-0A6C0D86034C}.Debug|Any CPU.ActiveCfg = Debug|Any CPU
		{691C4982-3BBA-484F-8426-0A6C0D86034C}.Debug|Any CPU.Build.0 = Debug|Any CPU
		{691C4982-3BBA-484F-8426-0A6C0D86034C}.Release|Any CPU.ActiveCfg = Release|Any CPU
		{691C4982-3BBA-484F-8426-0A6C0D86034C}.Release|Any CPU.Build.0 = Release|Any CPU
	EndGlobalSection
	GlobalSection(SolutionProperties) = preSolution
		HideSolutionNode = FALSE
	EndGlobalSection
	GlobalSection(ExtensibilityGlobals) = postSolution
		SolutionGuid = {10134457-73A9-49D5-A09E-8D1DA5E39C6C}
	EndGlobalSection
EndGlobal
